
Microsoft Visual Studio Solution File, Format Version 12.00
Project("{FAE04EC0-301F-11D3-BF4B-00C04F79EFBC}") = "GainTrack.Domain", "GainTrack.Domain\GainTrack.Domain.csproj", "{AEC9B72A-9C12-4828-A6D2-E51D31E1B6D0}"
EndProject
Project("{FAE04EC0-301F-11D3-BF4B-00C04F79EFBC}") = "GainTrack.Core", "GainTrack.Core\GainTrack.Core.csproj", "{4CF3FD0E-6513-4623-8EA3-51A0DA9890B8}"
EndProject
Project("{FAE04EC0-301F-11D3-BF4B-00C04F79EFBC}") = "GainTrack.Data", "GainTrack.Data\GainTrack.Data.csproj", "{4DD93AA2-4AF9-4145-B7F3-1EA5D39E814C}"
EndProject
Global
	GlobalSection(SolutionConfigurationPlatforms) = preSolution
		Debug|Any CPU = Debug|Any CPU
		Release|Any CPU = Release|Any CPU
	EndGlobalSection
	GlobalSection(ProjectConfigurationPlatforms) = postSolution
		{AEC9B72A-9C12-4828-A6D2-E51D31E1B6D0}.Debug|Any CPU.ActiveCfg = Debug|Any CPU
		{AEC9B72A-9C12-4828-A6D2-E51D31E1B6D0}.Debug|Any CPU.Build.0 = Debug|Any CPU
		{AEC9B72A-9C12-4828-A6D2-E51D31E1B6D0}.Release|Any CPU.ActiveCfg = Release|Any CPU
		{AEC9B72A-9C12-4828-A6D2-E51D31E1B6D0}.Release|Any CPU.Build.0 = Release|Any CPU
		{4CF3FD0E-6513-4623-8EA3-51A0DA9890B8}.Debug|Any CPU.ActiveCfg = Debug|Any CPU
		{4CF3FD0E-6513-4623-8EA3-51A0DA9890B8}.Debug|Any CPU.Build.0 = Debug|Any CPU
		{4CF3FD0E-6513-4623-8EA3-51A0DA9890B8}.Release|Any CPU.ActiveCfg = Release|Any CPU
		{4CF3FD0E-6513-4623-8EA3-51A0DA9890B8}.Release|Any CPU.Build.0 = Release|Any CPU
		{4DD93AA2-4AF9-4145-B7F3-1EA5D39E814C}.Debug|Any CPU.ActiveCfg = Debug|Any CPU
		{4DD93AA2-4AF9-4145-B7F3-1EA5D39E814C}.Debug|Any CPU.Build.0 = Debug|Any CPU
		{4DD93AA2-4AF9-4145-B7F3-1EA5D39E814C}.Release|Any CPU.ActiveCfg = Release|Any CPU
		{4DD93AA2-4AF9-4145-B7F3-1EA5D39E814C}.Release|Any CPU.Build.0 = Release|Any CPU
	EndGlobalSection
EndGlobal
